
Microsoft Visual Studio Solution File, Format Version 12.00
# Visual Studio Version 17
VisualStudioVersion = 17.3.32929.385
MinimumVisualStudioVersion = 10.0.40219.1
Project("{FAE04EC0-301F-11D3-BF4B-00C04F79EFBC}") = "SE_MS3", "SE_MS3.csproj", "{9F03DDAA-1E5F-4E65-863E-806D6FAAB555}"
EndProject
Global
	GlobalSection(SolutionConfigurationPlatforms) = preSolution
		Debug|Any CPU = Debug|Any CPU
		Release|Any CPU = Release|Any CPU
	EndGlobalSection
	GlobalSection(ProjectConfigurationPlatforms) = postSolution
		{9F03DDAA-1E5F-4E65-863E-806D6FAAB555}.Debug|Any CPU.ActiveCfg = Debug|Any CPU
		{9F03DDAA-1E5F-4E65-863E-806D6FAAB555}.Debug|Any CPU.Build.0 = Debug|Any CPU
		{9F03DDAA-1E5F-4E65-863E-806D6FAAB555}.Release|Any CPU.ActiveCfg = Release|Any CPU
		{9F03DDAA-1E5F-4E65-863E-806D6FAAB555}.Release|Any CPU.Build.0 = Release|Any CPU
	EndGlobalSection
	GlobalSection(SolutionProperties) = preSolution
		HideSolutionNode = FALSE
	EndGlobalSection
	GlobalSection(ExtensibilityGlobals) = postSolution
		SolutionGuid = {6DE7F74B-A61F-4E40-85F0-8BB1EDD91548}
	EndGlobalSection
EndGlobal
